
Microsoft Visual Studio Solution File, Format Version 12.00
# Visual Studio Version 17
VisualStudioVersion = 17.5.33516.290
MinimumVisualStudioVersion = 10.0.40219.1
Project("{FAE04EC0-301F-11D3-BF4B-00C04F79EFBC}") = "FreshMove", "FreshMove\FreshMove.csproj", "{98C81843-82A3-4044-ACB8-BD55C431AE9C}"
EndProject
Global
	GlobalSection(SolutionConfigurationPlatforms) = preSolution
		Debug|Any CPU = Debug|Any CPU
		Release|Any CPU = Release|Any CPU
	EndGlobalSection
	GlobalSection(ProjectConfigurationPlatforms) = postSolution
		{98C81843-82A3-4044-ACB8-BD55C431AE9C}.Debug|Any CPU.ActiveCfg = Debug|Any CPU
		{98C81843-82A3-4044-ACB8-BD55C431AE9C}.Debug|Any CPU.Build.0 = Debug|Any CPU
		{98C81843-82A3-4044-ACB8-BD55C431AE9C}.Release|Any CPU.ActiveCfg = Release|Any CPU
		{98C81843-82A3-4044-ACB8-BD55C431AE9C}.Release|Any CPU.Build.0 = Release|Any CPU
	EndGlobalSection
	GlobalSection(SolutionProperties) = preSolution
		HideSolutionNode = FALSE
	EndGlobalSection
	GlobalSection(ExtensibilityGlobals) = postSolution
		SolutionGuid = {F38A58E7-7994-4D43-B63A-BC3E2CC7F5B0}
	EndGlobalSection
EndGlobal
